
Microsoft Visual Studio Solution File, Format Version 12.00
# Visual Studio 14
VisualStudioVersion = 14.0.25123.0
MinimumVisualStudioVersion = 10.0.40219.1
Project("{FAE04EC0-301F-11D3-BF4B-00C04F79EFBC}") = "BankOcr", "BankOcr\BankOcr.csproj", "{46A45554-CFE2-4C2C-9B30-E10720E049E1}"
EndProject
Project("{FAE04EC0-301F-11D3-BF4B-00C04F79EFBC}") = "BankOcr.Tests", "BankOcr.Tests\BankOcr.Tests.csproj", "{57E52F28-C518-4845-91F9-5C24EBD2320F}"
EndProject
Global
	GlobalSection(SolutionConfigurationPlatforms) = preSolution
		Debug|Any CPU = Debug|Any CPU
		Release|Any CPU = Release|Any CPU
	EndGlobalSection
	GlobalSection(ProjectConfigurationPlatforms) = postSolution
		{46A45554-CFE2-4C2C-9B30-E10720E049E1}.Debug|Any CPU.ActiveCfg = Debug|Any CPU
		{46A45554-CFE2-4C2C-9B30-E10720E049E1}.Debug|Any CPU.Build.0 = Debug|Any CPU
		{46A45554-CFE2-4C2C-9B30-E10720E049E1}.Release|Any CPU.ActiveCfg = Release|Any CPU
		{46A45554-CFE2-4C2C-9B30-E10720E049E1}.Release|Any CPU.Build.0 = Release|Any CPU
		{57E52F28-C518-4845-91F9-5C24EBD2320F}.Debug|Any CPU.ActiveCfg = Debug|Any CPU
		{57E52F28-C518-4845-91F9-5C24EBD2320F}.Debug|Any CPU.Build.0 = Debug|Any CPU
		{57E52F28-C518-4845-91F9-5C24EBD2320F}.Release|Any CPU.ActiveCfg = Release|Any CPU
		{57E52F28-C518-4845-91F9-5C24EBD2320F}.Release|Any CPU.Build.0 = Release|Any CPU
	EndGlobalSection
	GlobalSection(SolutionProperties) = preSolution
		HideSolutionNode = FALSE
	EndGlobalSection
EndGlobal
